// !$*UTF8*$!
{
	archiveVersion = 1;
	classes = {
	};
	objectVersion = 77;
	objects = {

/* Begin PBXContainerItemProxy section */
		8D6E7EE92E16621400025FC0 /* PBXContainerItemProxy */ = {
			isa = PBXContainerItemProxy;
			containerPortal = 8D6E7ED02E16621200025FC0 /* Project object */;
			proxyType = 1;
			remoteGlobalIDString = 8D6E7ED72E16621200025FC0;
			remoteInfo = ThinkFirst;
		};
		8D6E7EF32E16621400025FC0 /* PBXContainerItemProxy */ = {
			isa = PBXContainerItemProxy;
			containerPortal = 8D6E7ED02E16621200025FC0 /* Project object */;
			proxyType = 1;
			remoteGlobalIDString = 8D6E7ED72E16621200025FC0;
			remoteInfo = ThinkFirst;
		};
/* End PBXContainerItemProxy section */

/* Begin PBXFileReference section */
		8D6E7ED82E16621200025FC0 /* ThinkFirst.app */ = {isa = PBXFileReference; explicitFileType = wrapper.application; includeInIndex = 0; path = ThinkFirst.app; sourceTree = BUILT_PRODUCTS_DIR; };
		8D6E7EE82E16621400025FC0 /* ThinkFirstTests.xctest */ = {isa = PBXFileReference; explicitFileType = wrapper.cfbundle; includeInIndex = 0; path = ThinkFirstTests.xctest; sourceTree = BUILT_PRODUCTS_DIR; };
		8D6E7EF22E16621400025FC0 /* ThinkFirstUITests.xctest */ = {isa = PBXFileReference; explicitFileType = wrapper.cfbundle; includeInIndex = 0; path = ThinkFirstUITests.xctest; sourceTree = BUILT_PRODUCTS_DIR; };
		8D6E7F402E172E1200025FC0 /* FamilyControls.framework */ = {isa = PBXFileReference; lastKnownFileType = wrapper.framework; name = FamilyControls.framework; path = System/Library/Frameworks/FamilyControls.framework; sourceTree = SDKROOT; };
/* End PBXFileReference section */

/* Begin PBXFileSystemSynchronizedRootGroup section */
		8D6E7EDA2E16621200025FC0 /* ThinkFirst */ = {
			isa = PBXFileSystemSynchronizedRootGroup;
			path = ThinkFirst;
			sourceTree = "<group>";
		};
		8D6E7EEB2E16621400025FC0 /* ThinkFirstTests */ = {
			isa = PBXFileSystemSynchronizedRootGroup;
			path = ThinkFirstTests;
			sourceTree = "<group>";
		};
		8D6E7EF52E16621400025FC0 /* ThinkFirstUITests */ = {
			isa = PBXFileSystemSynchronizedRootGroup;
			path = ThinkFirstUITests;
			sourceTree = "<group>";
		};
/* End PBXFileSystemSynchronizedRootGroup section */

/* Begin PBXFrameworksBuildPhase section */
		8D6E7ED52E16621200025FC0 /* Frameworks */ = {
			isa = PBXFrameworksBuildPhase;
			buildActionMask = 2147483647;
			files = (
			);
			runOnlyForDeploymentPostprocessing = 0;
		};
		8D6E7EE52E16621400025FC0 /* Frameworks */ = {
			isa = PBXFrameworksBuildPhase;
			buildActionMask = 2147483647;
			files = (
			);
			runOnlyForDeploymentPostprocessing = 0;
		};
		8D6E7EEF2E16621400025FC0 /* Frameworks */ = {
			isa = PBXFrameworksBuildPhase;
			buildActionMask = 2147483647;
			files = (
			);
			runOnlyForDeploymentPostprocessing = 0;
		};
/* End PBXFrameworksBuildPhase section */

/* Begin PBXGroup section */
		8D6E7ECF2E16621200025FC0 = {
			isa = PBXGroup;
			children = (
				8D6E7EDA2E16621200025FC0 /* ThinkFirst */,
				8D6E7EEB2E16621400025FC0 /* ThinkFirstTests */,
				8D6E7EF52E16621400025FC0 /* ThinkFirstUITests */,
				8D6E7F3F2E172E1200025FC0 /* Frameworks */,
				8D6E7ED92E16621200025FC0 /* Products */,
			);
			sourceTree = "<group>";
		};
		8D6E7ED92E16621200025FC0 /* Products */ = {
			isa = PBXGroup;
			children = (
				8D6E7ED82E16621200025FC0 /* ThinkFirst.app */,
				8D6E7EE82E16621400025FC0 /* ThinkFirstTests.xctest */,
				8D6E7EF22E16621400025FC0 /* ThinkFirstUITests.xctest */,
			);
			name = Products;
			sourceTree = "<group>";
		};
		8D6E7F3F2E172E1200025FC0 /* Frameworks */ = {
			isa = PBXGroup;
			children = (
				8D6E7F402E172E1200025FC0 /* FamilyControls.framework */,
			);
			name = Frameworks;
			sourceTree = "<group>";
		};
/* End PBXGroup section */

/* Begin PBXNativeTarget section */
		8D6E7ED72E16621200025FC0 /* ThinkFirst */ = {
			isa = PBXNativeTarget;
			buildConfigurationList = 8D6E7EFC2E16621400025FC0 /* Build configuration list for PBXNativeTarget "ThinkFirst" */;
			buildPhases = (
				8D6E7ED42E16621200025FC0 /* Sources */,
				8D6E7ED52E16621200025FC0 /* Frameworks */,
				8D6E7ED62E16621200025FC0 /* Resources */,
			);
			buildRules = (
			);
			dependencies = (
			);
			fileSystemSynchronizedGroups = (
				8D6E7EDA2E16621200025FC0 /* ThinkFirst */,
			);
			name = ThinkFirst;
			packageProductDependencies = (
			);
			productName = ThinkFirst;
			productReference = 8D6E7ED82E16621200025FC0 /* ThinkFirst.app */;
			productType = "com.apple.product-type.application";
		};
		8D6E7EE72E16621400025FC0 /* ThinkFirstTests */ = {
			isa = PBXNativeTarget;
			buildConfigurationList = 8D6E7EFF2E16621400025FC0 /* Build configuration list for PBXNativeTarget "ThinkFirstTests" */;
			buildPhases = (
				8D6E7EE42E16621400025FC0 /* Sources */,
				8D6E7EE52E16621400025FC0 /* Frameworks */,
				8D6E7EE62E16621400025FC0 /* Resources */,
			);
			buildRules = (
			);
			dependencies = (
				8D6E7EEA2E16621400025FC0 /* PBXTargetDependency */,
			);
			fileSystemSynchronizedGroups = (
				8D6E7EEB2E16621400025FC0 /* ThinkFirstTests */,
			);
			name = ThinkFirstTests;
			packageProductDependencies = (
			);
			productName = ThinkFirstTests;
			productReference = 8D6E7EE82E16621400025FC0 /* ThinkFirstTests.xctest */;
			productType = "com.apple.product-type.bundle.unit-test";
		};
		8D6E7EF12E16621400025FC0 /* ThinkFirstUITests */ = {
			isa = PBXNativeTarget;
			buildConfigurationList = 8D6E7F022E16621400025FC0 /* Build configuration list for PBXNativeTarget "ThinkFirstUITests" */;
			buildPhases = (
				8D6E7EEE2E16621400025FC0 /* Sources */,
				8D6E7EEF2E16621400025FC0 /* Frameworks */,
				8D6E7EF02E16621400025FC0 /* Resources */,
			);
			buildRules = (
			);
			dependencies = (
				8D6E7EF42E16621400025FC0 /* PBXTargetDependency */,
			);
			fileSystemSynchronizedGroups = (
				8D6E7EF52E16621400025FC0 /* ThinkFirstUITests */,
			);
			name = ThinkFirstUITests;
			packageProductDependencies = (
			);
			productName = ThinkFirstUITests;
			productReference = 8D6E7EF22E16621400025FC0 /* ThinkFirstUITests.xctest */;
			productType = "com.apple.product-type.bundle.ui-testing";
		};
/* End PBXNativeTarget section */

/* Begin PBXProject section */
		8D6E7ED02E16621200025FC0 /* Project object */ = {
			isa = PBXProject;
			attributes = {
				BuildIndependentTargetsInParallel = 1;
				LastSwiftUpdateCheck = 1620;
				LastUpgradeCheck = 1620;
				TargetAttributes = {
					8D6E7ED72E16621200025FC0 = {
						CreatedOnToolsVersion = 16.2;
					};
					8D6E7EE72E16621400025FC0 = {
						CreatedOnToolsVersion = 16.2;
						TestTargetID = 8D6E7ED72E16621200025FC0;
					};
					8D6E7EF12E16621400025FC0 = {
						CreatedOnToolsVersion = 16.2;
						TestTargetID = 8D6E7ED72E16621200025FC0;
					};
				};
			};
			buildConfigurationList = 8D6E7ED32E16621200025FC0 /* Build configuration list for PBXProject "ThinkFirst" */;
			developmentRegion = en;
			hasScannedForEncodings = 0;
			knownRegions = (
				en,
				Base,
			);
			mainGroup = 8D6E7ECF2E16621200025FC0;
			minimizedProjectReferenceProxies = 1;
			preferredProjectObjectVersion = 77;
			productRefGroup = 8D6E7ED92E16621200025FC0 /* Products */;
			projectDirPath = "";
			projectRoot = "";
			targets = (
				8D6E7ED72E16621200025FC0 /* ThinkFirst */,
				8D6E7EE72E16621400025FC0 /* ThinkFirstTests */,
				8D6E7EF12E16621400025FC0 /* ThinkFirstUITests */,
			);
		};
/* End PBXProject section */

/* Begin PBXResourcesBuildPhase section */
		8D6E7ED62E16621200025FC0 /* Resources */ = {
			isa = PBXResourcesBuildPhase;
			buildActionMask = 2147483647;
			files = (
			);
			runOnlyForDeploymentPostprocessing = 0;
		};
		8D6E7EE62E16621400025FC0 /* Resources */ = {
			isa = PBXResourcesBuildPhase;
			buildActionMask = 2147483647;
			files = (
			);
			runOnlyForDeploymentPostprocessing = 0;
		};
		8D6E7EF02E16621400025FC0 /* Resources */ = {
			isa = PBXResourcesBuildPhase;
			buildActionMask = 2147483647;
			files = (
			);
			runOnlyForDeploymentPostprocessing = 0;
		};
/* End PBXResourcesBuildPhase section */

/* Begin PBXSourcesBuildPhase section */
		8D6E7ED42E16621200025FC0 /* Sources */ = {
			isa = PBXSourcesBuildPhase;
			buildActionMask = 2147483647;
			files = (
			);
			runOnlyForDeploymentPostprocessing = 0;
		};
		8D6E7EE42E16621400025FC0 /* Sources */ = {
			isa = PBXSourcesBuildPhase;
			buildActionMask = 2147483647;
			files = (
			);
			runOnlyForDeploymentPostprocessing = 0;
		};
		8D6E7EEE2E16621400025FC0 /* Sources */ = {
			isa = PBXSourcesBuildPhase;
			buildActionMask = 2147483647;
			files = (
			);
			runOnlyForDeploymentPostprocessing = 0;
		};
/* End PBXSourcesBuildPhase section */

/* Begin PBXTargetDependency section */
		8D6E7EEA2E16621400025FC0 /* PBXTargetDependency */ = {
			isa = PBXTargetDependency;
			target = 8D6E7ED72E16621200025FC0 /* ThinkFirst */;
			targetProxy = 8D6E7EE92E16621400025FC0 /* PBXContainerItemProxy */;
		};
		8D6E7EF42E16621400025FC0 /* PBXTargetDependency */ = {
			isa = PBXTargetDependency;
			target = 8D6E7ED72E16621200025FC0 /* ThinkFirst */;
			targetProxy = 8D6E7EF32E16621400025FC0 /* PBXContainerItemProxy */;
		};
/* End PBXTargetDependency section */

/* Begin XCBuildConfiguration section */
		8D6E7EFA2E16621400025FC0 /* Debug */ = {
			isa = XCBuildConfiguration;
			buildSettings = {
				ALWAYS_SEARCH_USER_PATHS = NO;
				ASSETCATALOG_COMPILER_GENERATE_SWIFT_ASSET_SYMBOL_EXTENSIONS = YES;
				CLANG_ANALYZER_NONNULL = YES;
				CLANG_ANALYZER_NUMBER_OBJECT_CONVERSION = YES_AGGRESSIVE;
				CLANG_CXX_LANGUAGE_STANDARD = "gnu++20";
				CLANG_ENABLE_MODULES = YES;
				CLANG_ENABLE_OBJC_ARC = YES;
				CLANG_ENABLE_OBJC_WEAK = YES;
				CLANG_WARN_BLOCK_CAPTURE_AUTORELEASING = YES;
				CLANG_WARN_BOOL_CONVERSION = YES;
				CLANG_WARN_COMMA = YES;
				CLANG_WARN_CONSTANT_CONVERSION = YES;
				CLANG_WARN_DEPRECATED_OBJC_IMPLEMENTATIONS = YES;
				CLANG_WARN_DIRECT_OBJC_ISA_USAGE = YES_ERROR;
				CLANG_WARN_DOCUMENTATION_COMMENTS = YES;
				CLANG_WARN_EMPTY_BODY = YES;
				CLANG_WARN_ENUM_CONVERSION = YES;
				CLANG_WARN_INFINITE_RECURSION = YES;
				CLANG_WARN_INT_CONVERSION = YES;
				CLANG_WARN_NON_LITERAL_NULL_CONVERSION = YES;
				CLANG_WARN_OBJC_IMPLICIT_RETAIN_SELF = YES;
				CLANG_WARN_OBJC_LITERAL_CONVERSION = YES;
				CLANG_WARN_OBJC_ROOT_CLASS = YES_ERROR;
				CLANG_WARN_QUOTED_INCLUDE_IN_FRAMEWORK_HEADER = YES;
				CLANG_WARN_RANGE_LOOP_ANALYSIS = YES;
				CLANG_WARN_STRICT_PROTOTYPES = YES;
				CLANG_WARN_SUSPICIOUS_MOVE = YES;
				CLANG_WARN_UNGUARDED_AVAILABILITY = YES_AGGRESSIVE;
				CLANG_WARN_UNREACHABLE_CODE = YES;
				CLANG_WARN__DUPLICATE_METHOD_MATCH = YES;
				COPY_PHASE_STRIP = NO;
				DEBUG_INFORMATION_FORMAT = dwarf;
				ENABLE_STRICT_OBJC_MSGSEND = YES;
				ENABLE_TESTABILITY = YES;
				ENABLE_USER_SCRIPT_SANDBOXING = YES;
				GCC_C_LANGUAGE_STANDARD = gnu17;
				GCC_DYNAMIC_NO_PIC = NO;
				GCC_NO_COMMON_BLOCKS = YES;
				GCC_OPTIMIZATION_LEVEL = 0;
				GCC_PREPROCESSOR_DEFINITIONS = (
					"DEBUG=1",
					"$(inherited)",
				);
				GCC_WARN_64_TO_32_BIT_CONVERSION = YES;
				GCC_WARN_ABOUT_RETURN_TYPE = YES_ERROR;
				GCC_WARN_UNDECLARED_SELECTOR = YES;
				GCC_WARN_UNINITIALIZED_AUTOS = YES_AGGRESSIVE;
				GCC_WARN_UNUSED_FUNCTION = YES;
				GCC_WARN_UNUSED_VARIABLE = YES;
				IPHONEOS_DEPLOYMENT_TARGET = 18.2;
				LOCALIZATION_PREFERS_STRING_CATALOGS = YES;
				MTL_ENABLE_DEBUG_INFO = INCLUDE_SOURCE;
				MTL_FAST_MATH = YES;
				ONLY_ACTIVE_ARCH = YES;
				SDKROOT = iphoneos;
				SWIFT_ACTIVE_COMPILATION_CONDITIONS = "DEBUG $(inherited)";
				SWIFT_OPTIMIZATION_LEVEL = "-Onone";
			};
			name = Debug;
		};
		8D6E7EFB2E16621400025FC0 /* Release */ = {
			isa = XCBuildConfiguration;
			buildSettings = {
				ALWAYS_SEARCH_USER_PATHS = NO;
				ASSETCATALOG_COMPILER_GENERATE_SWIFT_ASSET_SYMBOL_EXTENSIONS = YES;
				CLANG_ANALYZER_NONNULL = YES;
				CLANG_ANALYZER_NUMBER_OBJECT_CONVERSION = YES_AGGRESSIVE;
				CLANG_CXX_LANGUAGE_STANDARD = "gnu++20";
				CLANG_ENABLE_MODULES = YES;
				CLANG_ENABLE_OBJC_ARC = YES;
				CLANG_ENABLE_OBJC_WEAK = YES;
				CLANG_WARN_BLOCK_CAPTURE_AUTORELEASING = YES;
				CLANG_WARN_BOOL_CONVERSION = YES;
				CLANG_WARN_COMMA = YES;
				CLANG_WARN_CONSTANT_CONVERSION = YES;
				CLANG_WARN_DEPRECATED_OBJC_IMPLEMENTATIONS = YES;
				CLANG_WARN_DIRECT_OBJC_ISA_USAGE = YES_ERROR;
				CLANG_WARN_DOCUMENTATION_COMMENTS = YES;
				CLANG_WARN_EMPTY_BODY = YES;
				CLANG_WARN_ENUM_CONVERSION = YES;
				CLANG_WARN_INFINITE_RECURSION = YES;
				CLANG_WARN_INT_CONVERSION = YES;
				CLANG_WARN_NON_LITERAL_NULL_CONVERSION = YES;
				CLANG_WARN_OBJC_IMPLICIT_RETAIN_SELF = YES;
				CLANG_WARN_OBJC_LITERAL_CONVERSION = YES;
				CLANG_WARN_OBJC_ROOT_CLASS = YES_ERROR;
				CLANG_WARN_QUOTED_INCLUDE_IN_FRAMEWORK_HEADER = YES;
				CLANG_WARN_RANGE_LOOP_ANALYSIS = YES;
				CLANG_WARN_STRICT_PROTOTYPES = YES;
				CLANG_WARN_SUSPICIOUS_MOVE = YES;
				CLANG_WARN_UNGUARDED_AVAILABILITY = YES_AGGRESSIVE;
				CLANG_WARN_UNREACHABLE_CODE = YES;
				CLANG_WARN__DUPLICATE_METHOD_MATCH = YES;
				COPY_PHASE_STRIP = NO;
				DEBUG_INFORMATION_FORMAT = "dwarf-with-dsym";
				ENABLE_NS_ASSERTIONS = NO;
				ENABLE_STRICT_OBJC_MSGSEND = YES;
				ENABLE_USER_SCRIPT_SANDBOXING = YES;
				GCC_C_LANGUAGE_STANDARD = gnu17;
				GCC_NO_COMMON_BLOCKS = YES;
				GCC_WARN_64_TO_32_BIT_CONVERSION = YES;
				GCC_WARN_ABOUT_RETURN_TYPE = YES_ERROR;
				GCC_WARN_UNDECLARED_SELECTOR = YES;
				GCC_WARN_UNINITIALIZED_AUTOS = YES_AGGRESSIVE;
				GCC_WARN_UNUSED_FUNCTION = YES;
				GCC_WARN_UNUSED_VARIABLE = YES;
				IPHONEOS_DEPLOYMENT_TARGET = 18.2;
				LOCALIZATION_PREFERS_STRING_CATALOGS = YES;
				MTL_ENABLE_DEBUG_INFO = NO;
				MTL_FAST_MATH = YES;
				SDKROOT = iphoneos;
				SWIFT_COMPILATION_MODE = wholemodule;
				VALIDATE_PRODUCT = YES;
			};
			name = Release;
		};
		8D6E7EFD2E16621400025FC0 /* Debug */ = {
			isa = XCBuildConfiguration;
			buildSettings = {
				ASSETCATALOG_COMPILER_APPICON_NAME = AppIcon;
				ASSETCATALOG_COMPILER_GLOBAL_ACCENT_COLOR_NAME = AccentColor;
				CODE_SIGN_STYLE = Automatic;
				CURRENT_PROJECT_VERSION = 1;
				DEVELOPMENT_ASSET_PATHS = "\"ThinkFirst/Preview Content\"";
				DEVELOPMENT_TEAM = MA829MQXCV;
				ENABLE_PREVIEWS = YES;
				GENERATE_INFOPLIST_FILE = YES;
				INFOPLIST_KEY_UIApplicationSceneManifest_Generation = YES;
				INFOPLIST_KEY_UIApplicationSupportsIndirectInputEvents = YES;
				INFOPLIST_KEY_UILaunchScreen_Generation = YES;
				INFOPLIST_KEY_UISupportedInterfaceOrientations_iPad = "UIInterfaceOrientationPortrait UIInterfaceOrientationPortraitUpsideDown UIInterfaceOrientationLandscapeLeft UIInterfaceOrientationLandscapeRight";
				INFOPLIST_KEY_UISupportedInterfaceOrientations_iPhone = "UIInterfaceOrientationPortrait UIInterfaceOrientationLandscapeLeft UIInterfaceOrientationLandscapeRight";
				IPHONEOS_DEPLOYMENT_TARGET = 18.2;
				LD_RUNPATH_SEARCH_PATHS = (
					"$(inherited)",
					"@executable_path/Frameworks",
				);
				MARKETING_VERSION = 1.0;
				PRODUCT_BUNDLE_IDENTIFIER = NedaStudios.ThinkFirst;
				PRODUCT_NAME = "$(TARGET_NAME)";
				SWIFT_EMIT_LOC_STRINGS = YES;
				SWIFT_VERSION = 5.0;
				TARGETED_DEVICE_FAMILY = "1,2";
			};
			name = Debug;
		};
		8D6E7EFE2E16621400025FC0 /* Release */ = {
			isa = XCBuildConfiguration;
			buildSettings = {
				ASSETCATALOG_COMPILER_APPICON_NAME = AppIcon;
				ASSETCATALOG_COMPILER_GLOBAL_ACCENT_COLOR_NAME = AccentColor;
				CODE_SIGN_STYLE = Automatic;
				CURRENT_PROJECT_VERSION = 1;
				DEVELOPMENT_ASSET_PATHS = "\"ThinkFirst/Preview Content\"";
				DEVELOPMENT_TEAM = MA829MQXCV;
				ENABLE_PREVIEWS = YES;
				GENERATE_INFOPLIST_FILE = YES;
				INFOPLIST_KEY_UIApplicationSceneManifest_Generation = YES;
				INFOPLIST_KEY_UIApplicationSupportsIndirectInputEvents = YES;
				INFOPLIST_KEY_UILaunchScreen_Generation = YES;
				INFOPLIST_KEY_UISupportedInterfaceOrientations_iPad = "UIInterfaceOrientationPortrait UIInterfaceOrientationPortraitUpsideDown UIInterfaceOrientationLandscapeLeft UIInterfaceOrientationLandscapeRight";
				INFOPLIST_KEY_UISupportedInterfaceOrientations_iPhone = "UIInterfaceOrientationPortrait UIInterfaceOrientationLandscapeLeft UIInterfaceOrientationLandscapeRight";
				IPHONEOS_DEPLOYMENT_TARGET = 18.2;
				LD_RUNPATH_SEARCH_PATHS = (
					"$(inherited)",
					"@executable_path/Frameworks",
				);
				MARKETING_VERSION = 1.0;
				PRODUCT_BUNDLE_IDENTIFIER = NedaStudios.ThinkFirst;
				PRODUCT_NAME = "$(TARGET_NAME)";
				SWIFT_EMIT_LOC_STRINGS = YES;
				SWIFT_VERSION = 5.0;
				TARGETED_DEVICE_FAMILY = "1,2";
			};
			name = Release;
		};
		8D6E7F002E16621400025FC0 /* Debug */ = {
			isa = XCBuildConfiguration;
			buildSettings = {
				BUNDLE_LOADER = "$(TEST_HOST)";
				CODE_SIGN_STYLE = Automatic;
				CURRENT_PROJECT_VERSION = 1;
				DEVELOPMENT_TEAM = MA829MQXCV;
				GENERATE_INFOPLIST_FILE = YES;
				IPHONEOS_DEPLOYMENT_TARGET = 18.2;
				MARKETING_VERSION = 1.0;
				PRODUCT_BUNDLE_IDENTIFIER = NedaStudios.ThinkFirstTests;
				PRODUCT_NAME = "$(TARGET_NAME)";
				SWIFT_EMIT_LOC_STRINGS = NO;
				SWIFT_VERSION = 5.0;
				TARGETED_DEVICE_FAMILY = "1,2";
				TEST_HOST = "$(BUILT_PRODUCTS_DIR)/ThinkFirst.app/$(BUNDLE_EXECUTABLE_FOLDER_PATH)/ThinkFirst";
			};
			name = Debug;
		};
		8D6E7F012E16621400025FC0 /* Release */ = {
			isa = XCBuildConfiguration;
			buildSettings = {
				BUNDLE_LOADER = "$(TEST_HOST)";
				CODE_SIGN_STYLE = Automatic;
				CURRENT_PROJECT_VERSION = 1;
				DEVELOPMENT_TEAM = MA829MQXCV;
				GENERATE_INFOPLIST_FILE = YES;
				IPHONEOS_DEPLOYMENT_TARGET = 18.2;
				MARKETING_VERSION = 1.0;
				PRODUCT_BUNDLE_IDENTIFIER = NedaStudios.ThinkFirstTests;
				PRODUCT_NAME = "$(TARGET_NAME)";
				SWIFT_EMIT_LOC_STRINGS = NO;
				SWIFT_VERSION = 5.0;
				TARGETED_DEVICE_FAMILY = "1,2";
				TEST_HOST = "$(BUILT_PRODUCTS_DIR)/ThinkFirst.app/$(BUNDLE_EXECUTABLE_FOLDER_PATH)/ThinkFirst";
			};
			name = Release;
		};
		8D6E7F032E16621400025FC0 /* Debug */ = {
			isa = XCBuildConfiguration;
			buildSettings = {
				CODE_SIGN_STYLE = Automatic;
				CURRENT_PROJECT_VERSION = 1;
				DEVELOPMENT_TEAM = MA829MQXCV;
				GENERATE_INFOPLIST_FILE = YES;
				MARKETING_VERSION = 1.0;
				PRODUCT_BUNDLE_IDENTIFIER = NedaStudios.ThinkFirstUITests;
				PRODUCT_NAME = "$(TARGET_NAME)";
				SWIFT_EMIT_LOC_STRINGS = NO;
				SWIFT_VERSION = 5.0;
				TARGETED_DEVICE_FAMILY = "1,2";
				TEST_TARGET_NAME = ThinkFirst;
			};
			name = Debug;
		};
		8D6E7F042E16621400025FC0 /* Release */ = {
			isa = XCBuildConfiguration;
			buildSettings = {
				CODE_SIGN_STYLE = Automatic;
				CURRENT_PROJECT_VERSION = 1;
				DEVELOPMENT_TEAM = MA829MQXCV;
				GENERATE_INFOPLIST_FILE = YES;
				MARKETING_VERSION = 1.0;
				PRODUCT_BUNDLE_IDENTIFIER = NedaStudios.ThinkFirstUITests;
				PRODUCT_NAME = "$(TARGET_NAME)";
				SWIFT_EMIT_LOC_STRINGS = NO;
				SWIFT_VERSION = 5.0;
				TARGETED_DEVICE_FAMILY = "1,2";
				TEST_TARGET_NAME = ThinkFirst;
			};
			name = Release;
		};
/* End XCBuildConfiguration section */

/* Begin XCConfigurationList section */
		8D6E7ED32E16621200025FC0 /* Build configuration list for PBXProject "ThinkFirst" */ = {
			isa = XCConfigurationList;
			buildConfigurations = (
				8D6E7EFA2E16621400025FC0 /* Debug */,
				8D6E7EFB2E16621400025FC0 /* Release */,
			);
			defaultConfigurationIsVisible = 0;
			defaultConfigurationName = Release;
		};
		8D6E7EFC2E16621400025FC0 /* Build configuration list for PBXNativeTarget "ThinkFirst" */ = {
			isa = XCConfigurationList;
			buildConfigurations = (
				8D6E7EFD2E16621400025FC0 /* Debug */,
				8D6E7EFE2E16621400025FC0 /* Release */,
			);
			defaultConfigurationIsVisible = 0;
			defaultConfigurationName = Release;
		};
		8D6E7EFF2E16621400025FC0 /* Build configuration list for PBXNativeTarget "ThinkFirstTests" */ = {
			isa = XCConfigurationList;
			buildConfigurations = (
				8D6E7F002E16621400025FC0 /* Debug */,
				8D6E7F012E16621400025FC0 /* Release */,
			);
			defaultConfigurationIsVisible = 0;
			defaultConfigurationName = Release;
		};
		8D6E7F022E16621400025FC0 /* Build configuration list for PBXNativeTarget "ThinkFirstUITests" */ = {
			isa = XCConfigurationList;
			buildConfigurations = (
				8D6E7F032E16621400025FC0 /* Debug */,
				8D6E7F042E16621400025FC0 /* Release */,
			);
			defaultConfigurationIsVisible = 0;
			defaultConfigurationName = Release;
		};
/* End XCConfigurationList section */
	};
	rootObject = 8D6E7ED02E16621200025FC0 /* Project object */;
}
